
Microsoft Visual Studio Solution File, Format Version 12.00
# Visual Studio 15
VisualStudioVersion = 15.0.27428.2043
MinimumVisualStudioVersion = 10.0.40219.1
Project("{FAE04EC0-301F-11D3-BF4B-00C04F79EFBC}") = "SendParticleCommand", "SendParticleCommand\SendParticleCommand.csproj", "{D6BF4881-535A-42EC-B336-2FF41C7DCA9C}"
EndProject
Global
	GlobalSection(SolutionConfigurationPlatforms) = preSolution
		Debug|Any CPU = Debug|Any CPU
		Release|Any CPU = Release|Any CPU
	EndGlobalSection
	GlobalSection(ProjectConfigurationPlatforms) = postSolution
		{D6BF4881-535A-42EC-B336-2FF41C7DCA9C}.Debug|Any CPU.ActiveCfg = Debug|Any CPU
		{D6BF4881-535A-42EC-B336-2FF41C7DCA9C}.Debug|Any CPU.Build.0 = Debug|Any CPU
		{D6BF4881-535A-42EC-B336-2FF41C7DCA9C}.Release|Any CPU.ActiveCfg = Release|Any CPU
		{D6BF4881-535A-42EC-B336-2FF41C7DCA9C}.Release|Any CPU.Build.0 = Release|Any CPU
	EndGlobalSection
	GlobalSection(SolutionProperties) = preSolution
		HideSolutionNode = FALSE
	EndGlobalSection
	GlobalSection(ExtensibilityGlobals) = postSolution
		SolutionGuid = {23595322-5D71-484B-B8EF-BC914B9E0BFE}
	EndGlobalSection
EndGlobal
